
Microsoft Visual Studio Solution File, Format Version 12.00
# Visual Studio 15
VisualStudioVersion = 15.0.28010.2036
MinimumVisualStudioVersion = 10.0.40219.1
Project("{FAE04EC0-301F-11D3-BF4B-00C04F79EFBC}") = "Course", "Course\Course.csproj", "{771A226F-3018-448E-82E0-0FD8BB5E2743}"
EndProject
Global
	GlobalSection(SolutionConfigurationPlatforms) = preSolution
		Debug|Any CPU = Debug|Any CPU
		Release|Any CPU = Release|Any CPU
	EndGlobalSection
	GlobalSection(ProjectConfigurationPlatforms) = postSolution
		{771A226F-3018-448E-82E0-0FD8BB5E2743}.Debug|Any CPU.ActiveCfg = Debug|Any CPU
		{771A226F-3018-448E-82E0-0FD8BB5E2743}.Debug|Any CPU.Build.0 = Debug|Any CPU
		{771A226F-3018-448E-82E0-0FD8BB5E2743}.Release|Any CPU.ActiveCfg = Release|Any CPU
		{771A226F-3018-448E-82E0-0FD8BB5E2743}.Release|Any CPU.Build.0 = Release|Any CPU
	EndGlobalSection
	GlobalSection(SolutionProperties) = preSolution
		HideSolutionNode = FALSE
	EndGlobalSection
	GlobalSection(ExtensibilityGlobals) = postSolution
		SolutionGuid = {DA234A3F-FEEB-4501-AF3C-80E2AAD228FA}
	EndGlobalSection
EndGlobal
